
Microsoft Visual Studio Solution File, Format Version 12.00
# Visual Studio Version 16
VisualStudioVersion = 25.0.1706.9
MinimumVisualStudioVersion = 10.0.40219.1
Project("{FAE04EC0-301F-11D3-BF4B-00C04F79EFBC}") = "TomApp", "TomApp\TomApp.csproj", "{1E92A74B-C71A-49E0-B208-73DB275B6CA7}"
EndProject
Global
	GlobalSection(SolutionConfigurationPlatforms) = preSolution
		Debug|Any CPU = Debug|Any CPU
		Release|Any CPU = Release|Any CPU
	EndGlobalSection
	GlobalSection(ProjectConfigurationPlatforms) = postSolution
		{1E92A74B-C71A-49E0-B208-73DB275B6CA7}.Debug|Any CPU.ActiveCfg = Debug|Any CPU
		{1E92A74B-C71A-49E0-B208-73DB275B6CA7}.Debug|Any CPU.Build.0 = Debug|Any CPU
		{1E92A74B-C71A-49E0-B208-73DB275B6CA7}.Release|Any CPU.ActiveCfg = Release|Any CPU
		{1E92A74B-C71A-49E0-B208-73DB275B6CA7}.Release|Any CPU.Build.0 = Release|Any CPU
	EndGlobalSection
	GlobalSection(SolutionProperties) = preSolution
		HideSolutionNode = FALSE
	EndGlobalSection
	GlobalSection(ExtensibilityGlobals) = postSolution
		SolutionGuid = {4778D5B1-77ED-4672-9347-C6B21BE192AA}
	EndGlobalSection
EndGlobal
